// !$*UTF8*$!
{
	archiveVersion = 1;
	classes = {
	};
	objectVersion = 46;
	objects = {

/* Begin PBXBuildFile section */
		082E407B05F813978E3EAF6D /* libPods-RecordTechnology.a in Frameworks */ = {isa = PBXBuildFile; fileRef = B00155C2DD0E18595163938C /* libPods-RecordTechnology.a */; };
		7FE3ED4057485BDDE7B212BF /* libPods-RecordTechnologyTests.a in Frameworks */ = {isa = PBXBuildFile; fileRef = E144C3CE3612D5EEAA10C61E /* libPods-RecordTechnologyTests.a */; };
		8E1BE4321B3BED4800CAF4BA /* libobjc.A.dylib in Frameworks */ = {isa = PBXBuildFile; fileRef = 8E1BE4311B3BED4800CAF4BA /* libobjc.A.dylib */; };
		8E41E2381ABAB2DC0008984F /* main.m in Sources */ = {isa = PBXBuildFile; fileRef = 8E41E2371ABAB2DC0008984F /* main.m */; };
		8E41E23B1ABAB2DC0008984F /* AppDelegate.m in Sources */ = {isa = PBXBuildFile; fileRef = 8E41E23A1ABAB2DC0008984F /* AppDelegate.m */; };
		8E41E23E1ABAB2DC0008984F /* ViewController.m in Sources */ = {isa = PBXBuildFile; fileRef = 8E41E23D1ABAB2DC0008984F /* ViewController.m */; };
		8E41E2411ABAB2DC0008984F /* Main.storyboard in Resources */ = {isa = PBXBuildFile; fileRef = 8E41E23F1ABAB2DC0008984F /* Main.storyboard */; };
		8E41E2461ABAB2DC0008984F /* LaunchScreen.xib in Resources */ = {isa = PBXBuildFile; fileRef = 8E41E2441ABAB2DC0008984F /* LaunchScreen.xib */; };
		8E41E2521ABAB2DC0008984F /* RecordTechnologyTests.m in Sources */ = {isa = PBXBuildFile; fileRef = 8E41E2511ABAB2DC0008984F /* RecordTechnologyTests.m */; };
		C616DA901C9FD05A00D719F7 /* JavaScriptCore.framework in Frameworks */ = {isa = PBXBuildFile; fileRef = C616DA8F1C9FD05A00D719F7 /* JavaScriptCore.framework */; };
		C61771E61ABC6BF30097991C /* WWSideslipViewController.m in Sources */ = {isa = PBXBuildFile; fileRef = C61771E51ABC6BF30097991C /* WWSideslipViewController.m */; };
		C624DF861CA5516300AD2615 /* QuickLook.framework in Frameworks */ = {isa = PBXBuildFile; fileRef = C624DF851CA5516300AD2615 /* QuickLook.framework */; };
		C67480EA1D4F1D16008C2AFF /* Search.storyboard in Resources */ = {isa = PBXBuildFile; fileRef = C67480E91D4F1D16008C2AFF /* Search.storyboard */; };
		C67480EC1D4F1DB2008C2AFF /* SearchViewController.swift in Sources */ = {isa = PBXBuildFile; fileRef = C67480EB1D4F1DB2008C2AFF /* SearchViewController.swift */; };
		C67480EE1D4F1F00008C2AFF /* WebviewViewController.swift in Sources */ = {isa = PBXBuildFile; fileRef = C67480ED1D4F1F00008C2AFF /* WebviewViewController.swift */; };
		C67480F01D4F2098008C2AFF /* WebKit.framework in Frameworks */ = {isa = PBXBuildFile; fileRef = C67480EF1D4F2098008C2AFF /* WebKit.framework */; settings = {ATTRIBUTES = (Required, ); }; };
		C6749B851B59DF100069DF0D /* AddressBook.framework in Frameworks */ = {isa = PBXBuildFile; fileRef = C6749B841B59DF100069DF0D /* AddressBook.framework */; };
		C68FFB121CA397D100716DBC /* 40.png in Resources */ = {isa = PBXBuildFile; fileRef = C68FFB111CA397D100716DBC /* 40.png */; };
		C68FFB141CA398E500716DBC /* 58.png in Resources */ = {isa = PBXBuildFile; fileRef = C68FFB131CA398E500716DBC /* 58.png */; };
		C6A3D77E1D96262100E07F2A /* PageControlViewController.m in Sources */ = {isa = PBXBuildFile; fileRef = C6A3D77D1D96262100E07F2A /* PageControlViewController.m */; };
		C6A3D7801D96262E00E07F2A /* PageControl.storyboard in Resources */ = {isa = PBXBuildFile; fileRef = C6A3D77F1D96262E00E07F2A /* PageControl.storyboard */; };
		C6A3D7831D9627E000E07F2A /* CustomPageControl.m in Sources */ = {isa = PBXBuildFile; fileRef = C6A3D7821D9627E000E07F2A /* CustomPageControl.m */; };
		C6B2FC201AD02DDD007B7EF5 /* MediaPlayer.framework in Frameworks */ = {isa = PBXBuildFile; fileRef = C6B2FC1D1AD02BB5007B7EF5 /* MediaPlayer.framework */; };
		C6C1DD251C34C5FB006F273C /* Images.xcassets in Resources */ = {isa = PBXBuildFile; fileRef = C6C1DD241C34C5FB006F273C /* Images.xcassets */; };
		C6E5A98B1BDE0650004CD998 /* NSDate+Extension.m in Sources */ = {isa = PBXBuildFile; fileRef = C6E5A9861BDE0650004CD998 /* NSDate+Extension.m */; };
		C6E5A98C1BDE0650004CD998 /* UIColorExtensions.m in Sources */ = {isa = PBXBuildFile; fileRef = C6E5A9881BDE0650004CD998 /* UIColorExtensions.m */; };
		C6E5A98D1BDE0650004CD998 /* UIViewExtensions.m in Sources */ = {isa = PBXBuildFile; fileRef = C6E5A98A1BDE0650004CD998 /* UIViewExtensions.m */; };
		C6FA614B1D63FBF400C8DDE2 /* LuaViewViewController.m in Sources */ = {isa = PBXBuildFile; fileRef = C6FA614A1D63FBF400C8DDE2 /* LuaViewViewController.m */; };
		C6FA614D1D63FC0400C8DDE2 /* LuaView.storyboard in Resources */ = {isa = PBXBuildFile; fileRef = C6FA614C1D63FC0400C8DDE2 /* LuaView.storyboard */; };
		C6FA614F1D6422D300C8DDE2 /* HelloWorld.lua in Resources */ = {isa = PBXBuildFile; fileRef = C6FA614E1D6422D300C8DDE2 /* HelloWorld.lua */; };
		C6FA8B4A1B6F37DE0042A8F9 /* QuartzCore.framework in Frameworks */ = {isa = PBXBuildFile; fileRef = 8E1D18B71ABC1E65009ED4FB /* QuartzCore.framework */; };
/* End PBXBuildFile section */

/* Begin PBXContainerItemProxy section */
		8E41E24C1ABAB2DC0008984F /* PBXContainerItemProxy */ = {
			isa = PBXContainerItemProxy;
			containerPortal = 8E41E22A1ABAB2DC0008984F /* Project object */;
			proxyType = 1;
			remoteGlobalIDString = 8E41E2311ABAB2DC0008984F;
			remoteInfo = RecordTechnology;
		};
/* End PBXContainerItemProxy section */

/* Begin PBXCopyFilesBuildPhase section */
		8E0E6B7A1ACBBDDD00759F64 /* Embed App Extensions */ = {
			isa = PBXCopyFilesBuildPhase;
			buildActionMask = 2147483647;
			dstPath = "";
			dstSubfolderSpec = 13;
			files = (
			);
			name = "Embed App Extensions";
			runOnlyForDeploymentPostprocessing = 0;
		};
/* End PBXCopyFilesBuildPhase section */

/* Begin PBXFileReference section */
		49347DDE61206C32511F06F8 /* Pods-RecordTechnology.debug.xcconfig */ = {isa = PBXFileReference; includeInIndex = 1; lastKnownFileType = text.xcconfig; name = "Pods-RecordTechnology.debug.xcconfig"; path = "Pods/Target Support Files/Pods-RecordTechnology/Pods-RecordTechnology.debug.xcconfig"; sourceTree = "<group>"; };
		8E0E6B591ACBBDDD00759F64 /* Info.plist */ = {isa = PBXFileReference; lastKnownFileType = text.plist.xml; path = Info.plist; sourceTree = "<group>"; };
		8E0E6B5A1ACBBDDD00759F64 /* PushNotificationPayload.apns */ = {isa = PBXFileReference; lastKnownFileType = text; path = PushNotificationPayload.apns; sourceTree = "<group>"; };
		8E0E6B5B1ACBBDDD00759F64 /* InterfaceController.h */ = {isa = PBXFileReference; lastKnownFileType = sourcecode.c.h; path = InterfaceController.h; sourceTree = "<group>"; };
		8E0E6B5C1ACBBDDD00759F64 /* InterfaceController.m */ = {isa = PBXFileReference; lastKnownFileType = sourcecode.c.objc; path = InterfaceController.m; sourceTree = "<group>"; };
		8E0E6B5E1ACBBDDD00759F64 /* NotificationController.h */ = {isa = PBXFileReference; lastKnownFileType = sourcecode.c.h; path = NotificationController.h; sourceTree = "<group>"; };
		8E0E6B5F1ACBBDDD00759F64 /* NotificationController.m */ = {isa = PBXFileReference; lastKnownFileType = sourcecode.c.objc; path = NotificationController.m; sourceTree = "<group>"; };
		8E0E6B611ACBBDDD00759F64 /* Images.xcassets */ = {isa = PBXFileReference; lastKnownFileType = folder.assetcatalog; path = Images.xcassets; sourceTree = "<group>"; };
		8E0E6B6B1ACBBDDD00759F64 /* Info.plist */ = {isa = PBXFileReference; lastKnownFileType = text.plist.xml; path = Info.plist; sourceTree = "<group>"; };
		8E0E6B6D1ACBBDDD00759F64 /* Base */ = {isa = PBXFileReference; lastKnownFileType = file.storyboard; name = Base; path = Base.lproj/Interface.storyboard; sourceTree = "<group>"; };
		8E0E6B6F1ACBBDDD00759F64 /* Images.xcassets */ = {isa = PBXFileReference; lastKnownFileType = folder.assetcatalog; path = Images.xcassets; sourceTree = "<group>"; };
		8E1BE4311B3BED4800CAF4BA /* libobjc.A.dylib */ = {isa = PBXFileReference; lastKnownFileType = "compiled.mach-o.dylib"; name = libobjc.A.dylib; path = usr/lib/libobjc.A.dylib; sourceTree = SDKROOT; };
		8E1D18B71ABC1E65009ED4FB /* QuartzCore.framework */ = {isa = PBXFileReference; lastKnownFileType = wrapper.framework; name = QuartzCore.framework; path = System/Library/Frameworks/QuartzCore.framework; sourceTree = SDKROOT; };
		8E41E2321ABAB2DC0008984F /* RecordTechnology.app */ = {isa = PBXFileReference; explicitFileType = wrapper.application; includeInIndex = 0; path = RecordTechnology.app; sourceTree = BUILT_PRODUCTS_DIR; };
		8E41E2361ABAB2DC0008984F /* Info.plist */ = {isa = PBXFileReference; lastKnownFileType = text.plist.xml; path = Info.plist; sourceTree = "<group>"; };
		8E41E2371ABAB2DC0008984F /* main.m */ = {isa = PBXFileReference; lastKnownFileType = sourcecode.c.objc; path = main.m; sourceTree = "<group>"; };
		8E41E2391ABAB2DC0008984F /* AppDelegate.h */ = {isa = PBXFileReference; lastKnownFileType = sourcecode.c.h; path = AppDelegate.h; sourceTree = "<group>"; };
		8E41E23A1ABAB2DC0008984F /* AppDelegate.m */ = {isa = PBXFileReference; lastKnownFileType = sourcecode.c.objc; path = AppDelegate.m; sourceTree = "<group>"; };
		8E41E23C1ABAB2DC0008984F /* ViewController.h */ = {isa = PBXFileReference; lastKnownFileType = sourcecode.c.h; path = ViewController.h; sourceTree = "<group>"; };
		8E41E23D1ABAB2DC0008984F /* ViewController.m */ = {isa = PBXFileReference; lastKnownFileType = sourcecode.c.objc; path = ViewController.m; sourceTree = "<group>"; };
		8E41E2401ABAB2DC0008984F /* Base */ = {isa = PBXFileReference; lastKnownFileType = file.storyboard; name = Base; path = Base.lproj/Main.storyboard; sourceTree = "<group>"; };
		8E41E2451ABAB2DC0008984F /* Base */ = {isa = PBXFileReference; lastKnownFileType = file.xib; name = Base; path = Base.lproj/LaunchScreen.xib; sourceTree = "<group>"; };
		8E41E24B1ABAB2DC0008984F /* RecordTechnologyTests.xctest */ = {isa = PBXFileReference; explicitFileType = wrapper.cfbundle; includeInIndex = 0; path = RecordTechnologyTests.xctest; sourceTree = BUILT_PRODUCTS_DIR; };
		8E41E2501ABAB2DC0008984F /* Info.plist */ = {isa = PBXFileReference; lastKnownFileType = text.plist.xml; path = Info.plist; sourceTree = "<group>"; };
		8E41E2511ABAB2DC0008984F /* RecordTechnologyTests.m */ = {isa = PBXFileReference; lastKnownFileType = sourcecode.c.objc; path = RecordTechnologyTests.m; sourceTree = "<group>"; };
		8E6175CC1ABBC18E0091B68D /* RecordTechnology-Prefix.pch */ = {isa = PBXFileReference; fileEncoding = 4; lastKnownFileType = sourcecode.c.h; path = "RecordTechnology-Prefix.pch"; sourceTree = "<group>"; };
		8E8069C61ACC13E400CBDECC /* RecordTechnology.entitlements */ = {isa = PBXFileReference; lastKnownFileType = text.xml; path = RecordTechnology.entitlements; sourceTree = "<group>"; };
		8EDF0A441ABC1EB8004D736C /* CoreGraphics.framework */ = {isa = PBXFileReference; lastKnownFileType = wrapper.framework; name = CoreGraphics.framework; path = System/Library/Frameworks/CoreGraphics.framework; sourceTree = SDKROOT; };
		8EDF0A4B1ABC22EC004D736C /* UIKit.framework */ = {isa = PBXFileReference; lastKnownFileType = wrapper.framework; name = UIKit.framework; path = System/Library/Frameworks/UIKit.framework; sourceTree = SDKROOT; };
		8EDF0A4D1ABC22F6004D736C /* Foundation.framework */ = {isa = PBXFileReference; lastKnownFileType = wrapper.framework; name = Foundation.framework; path = System/Library/Frameworks/Foundation.framework; sourceTree = SDKROOT; };
		8EF6A08F1B315C7600694EDE /* UtilsMacro.h */ = {isa = PBXFileReference; lastKnownFileType = sourcecode.c.h; path = UtilsMacro.h; sourceTree = "<group>"; };
		B00155C2DD0E18595163938C /* libPods-RecordTechnology.a */ = {isa = PBXFileReference; explicitFileType = archive.ar; includeInIndex = 0; path = "libPods-RecordTechnology.a"; sourceTree = BUILT_PRODUCTS_DIR; };
		B8D862BD766BDF0FF78C6C54 /* Pods-RecordTechnologyTests.debug.xcconfig */ = {isa = PBXFileReference; includeInIndex = 1; lastKnownFileType = text.xcconfig; name = "Pods-RecordTechnologyTests.debug.xcconfig"; path = "Pods/Target Support Files/Pods-RecordTechnologyTests/Pods-RecordTechnologyTests.debug.xcconfig"; sourceTree = "<group>"; };
		C616DA8F1C9FD05A00D719F7 /* JavaScriptCore.framework */ = {isa = PBXFileReference; lastKnownFileType = wrapper.framework; name = JavaScriptCore.framework; path = System/Library/Frameworks/JavaScriptCore.framework; sourceTree = SDKROOT; };
		C61771E41ABC6BF30097991C /* WWSideslipViewController.h */ = {isa = PBXFileReference; fileEncoding = 4; lastKnownFileType = sourcecode.c.h; path = WWSideslipViewController.h; sourceTree = "<group>"; };
		C61771E51ABC6BF30097991C /* WWSideslipViewController.m */ = {isa = PBXFileReference; fileEncoding = 4; lastKnownFileType = sourcecode.c.objc; path = WWSideslipViewController.m; sourceTree = "<group>"; };
		C624DF851CA5516300AD2615 /* QuickLook.framework */ = {isa = PBXFileReference; lastKnownFileType = wrapper.framework; name = QuickLook.framework; path = System/Library/Frameworks/QuickLook.framework; sourceTree = SDKROOT; };
		C67480E91D4F1D16008C2AFF /* Search.storyboard */ = {isa = PBXFileReference; fileEncoding = 4; lastKnownFileType = file.storyboard; path = Search.storyboard; sourceTree = "<group>"; };
		C67480EB1D4F1DB2008C2AFF /* SearchViewController.swift */ = {isa = PBXFileReference; fileEncoding = 4; lastKnownFileType = sourcecode.swift; path = SearchViewController.swift; sourceTree = "<group>"; };
		C67480ED1D4F1F00008C2AFF /* WebviewViewController.swift */ = {isa = PBXFileReference; fileEncoding = 4; lastKnownFileType = sourcecode.swift; path = WebviewViewController.swift; sourceTree = "<group>"; };
		C67480EF1D4F2098008C2AFF /* WebKit.framework */ = {isa = PBXFileReference; lastKnownFileType = wrapper.framework; name = WebKit.framework; path = System/Library/Frameworks/WebKit.framework; sourceTree = SDKROOT; };
		C67480F31D4F2F58008C2AFF /* RecordTechnology-Bridging-Header.h */ = {isa = PBXFileReference; fileEncoding = 4; lastKnownFileType = sourcecode.c.h; path = "RecordTechnology-Bridging-Header.h"; sourceTree = "<group>"; };
		C6749B841B59DF100069DF0D /* AddressBook.framework */ = {isa = PBXFileReference; lastKnownFileType = wrapper.framework; name = AddressBook.framework; path = System/Library/Frameworks/AddressBook.framework; sourceTree = SDKROOT; };
		C68FFB111CA397D100716DBC /* 40.png */ = {isa = PBXFileReference; lastKnownFileType = image.png; name = 40.png; path = ../40.png; sourceTree = "<group>"; };
		C68FFB131CA398E500716DBC /* 58.png */ = {isa = PBXFileReference; lastKnownFileType = image.png; path = 58.png; sourceTree = "<group>"; };
		C6A3D77C1D96262100E07F2A /* PageControlViewController.h */ = {isa = PBXFileReference; fileEncoding = 4; lastKnownFileType = sourcecode.c.h; path = PageControlViewController.h; sourceTree = "<group>"; };
		C6A3D77D1D96262100E07F2A /* PageControlViewController.m */ = {isa = PBXFileReference; fileEncoding = 4; lastKnownFileType = sourcecode.c.objc; path = PageControlViewController.m; sourceTree = "<group>"; };
		C6A3D77F1D96262E00E07F2A /* PageControl.storyboard */ = {isa = PBXFileReference; fileEncoding = 4; lastKnownFileType = file.storyboard; path = PageControl.storyboard; sourceTree = "<group>"; };
		C6A3D7811D9627E000E07F2A /* CustomPageControl.h */ = {isa = PBXFileReference; fileEncoding = 4; lastKnownFileType = sourcecode.c.h; path = CustomPageControl.h; sourceTree = "<group>"; };
		C6A3D7821D9627E000E07F2A /* CustomPageControl.m */ = {isa = PBXFileReference; fileEncoding = 4; lastKnownFileType = sourcecode.c.objc; path = CustomPageControl.m; sourceTree = "<group>"; };
		C6B2FC1B1AD02A5B007B7EF5 /* AVFoundation.framework */ = {isa = PBXFileReference; lastKnownFileType = wrapper.framework; name = AVFoundation.framework; path = System/Library/Frameworks/AVFoundation.framework; sourceTree = SDKROOT; };
		C6B2FC1D1AD02BB5007B7EF5 /* MediaPlayer.framework */ = {isa = PBXFileReference; lastKnownFileType = wrapper.framework; name = MediaPlayer.framework; path = System/Library/Frameworks/MediaPlayer.framework; sourceTree = SDKROOT; };
		C6C1DD241C34C5FB006F273C /* Images.xcassets */ = {isa = PBXFileReference; lastKnownFileType = folder.assetcatalog; path = Images.xcassets; sourceTree = "<group>"; };
		C6E5A9851BDE0650004CD998 /* NSDate+Extension.h */ = {isa = PBXFileReference; fileEncoding = 4; lastKnownFileType = sourcecode.c.h; path = "NSDate+Extension.h"; sourceTree = "<group>"; };
		C6E5A9861BDE0650004CD998 /* NSDate+Extension.m */ = {isa = PBXFileReference; fileEncoding = 4; lastKnownFileType = sourcecode.c.objc; path = "NSDate+Extension.m"; sourceTree = "<group>"; };
		C6E5A9871BDE0650004CD998 /* UIColorExtensions.h */ = {isa = PBXFileReference; fileEncoding = 4; lastKnownFileType = sourcecode.c.h; path = UIColorExtensions.h; sourceTree = "<group>"; };
		C6E5A9881BDE0650004CD998 /* UIColorExtensions.m */ = {isa = PBXFileReference; fileEncoding = 4; lastKnownFileType = sourcecode.c.objc; path = UIColorExtensions.m; sourceTree = "<group>"; };
		C6E5A9891BDE0650004CD998 /* UIViewExtensions.h */ = {isa = PBXFileReference; fileEncoding = 4; lastKnownFileType = sourcecode.c.h; path = UIViewExtensions.h; sourceTree = "<group>"; };
		C6E5A98A1BDE0650004CD998 /* UIViewExtensions.m */ = {isa = PBXFileReference; fileEncoding = 4; lastKnownFileType = sourcecode.c.objc; path = UIViewExtensions.m; sourceTree = "<group>"; };
		C6FA61491D63FBF400C8DDE2 /* LuaViewViewController.h */ = {isa = PBXFileReference; fileEncoding = 4; lastKnownFileType = sourcecode.c.h; path = LuaViewViewController.h; sourceTree = "<group>"; };
		C6FA614A1D63FBF400C8DDE2 /* LuaViewViewController.m */ = {isa = PBXFileReference; fileEncoding = 4; lastKnownFileType = sourcecode.c.objc; path = LuaViewViewController.m; sourceTree = "<group>"; };
		C6FA614C1D63FC0400C8DDE2 /* LuaView.storyboard */ = {isa = PBXFileReference; fileEncoding = 4; lastKnownFileType = file.storyboard; path = LuaView.storyboard; sourceTree = "<group>"; };
		C6FA614E1D6422D300C8DDE2 /* HelloWorld.lua */ = {isa = PBXFileReference; fileEncoding = 4; lastKnownFileType = text; path = HelloWorld.lua; sourceTree = "<group>"; };
		E144C3CE3612D5EEAA10C61E /* libPods-RecordTechnologyTests.a */ = {isa = PBXFileReference; explicitFileType = archive.ar; includeInIndex = 0; path = "libPods-RecordTechnologyTests.a"; sourceTree = BUILT_PRODUCTS_DIR; };
		EE0D728750DE2DC5A9722D56 /* Pods-RecordTechnologyTests.release.xcconfig */ = {isa = PBXFileReference; includeInIndex = 1; lastKnownFileType = text.xcconfig; name = "Pods-RecordTechnologyTests.release.xcconfig"; path = "Pods/Target Support Files/Pods-RecordTechnologyTests/Pods-RecordTechnologyTests.release.xcconfig"; sourceTree = "<group>"; };
		F3D6E6F413FA11148A374E5C /* Pods-RecordTechnology.release.xcconfig */ = {isa = PBXFileReference; includeInIndex = 1; lastKnownFileType = text.xcconfig; name = "Pods-RecordTechnology.release.xcconfig"; path = "Pods/Target Support Files/Pods-RecordTechnology/Pods-RecordTechnology.release.xcconfig"; sourceTree = "<group>"; };
/* End PBXFileReference section */

/* Begin PBXFrameworksBuildPhase section */
		8E41E22F1ABAB2DC0008984F /* Frameworks */ = {
			isa = PBXFrameworksBuildPhase;
			buildActionMask = 2147483647;
			files = (
				C67480F01D4F2098008C2AFF /* WebKit.framework in Frameworks */,
				C624DF861CA5516300AD2615 /* QuickLook.framework in Frameworks */,
				C616DA901C9FD05A00D719F7 /* JavaScriptCore.framework in Frameworks */,
				C6FA8B4A1B6F37DE0042A8F9 /* QuartzCore.framework in Frameworks */,
				C6749B851B59DF100069DF0D /* AddressBook.framework in Frameworks */,
				8E1BE4321B3BED4800CAF4BA /* libobjc.A.dylib in Frameworks */,
				C6B2FC201AD02DDD007B7EF5 /* MediaPlayer.framework in Frameworks */,
				082E407B05F813978E3EAF6D /* libPods-RecordTechnology.a in Frameworks */,
			);
			runOnlyForDeploymentPostprocessing = 0;
		};
		8E41E2481ABAB2DC0008984F /* Frameworks */ = {
			isa = PBXFrameworksBuildPhase;
			buildActionMask = 2147483647;
			files = (
				7FE3ED4057485BDDE7B212BF /* libPods-RecordTechnologyTests.a in Frameworks */,
			);
			runOnlyForDeploymentPostprocessing = 0;
		};
/* End PBXFrameworksBuildPhase section */

/* Begin PBXGroup section */
		383D529F0224A99151B3C236 /* Frameworks */ = {
			isa = PBXGroup;
			children = (
				C67480EF1D4F2098008C2AFF /* WebKit.framework */,
				C624DF851CA5516300AD2615 /* QuickLook.framework */,
				C616DA8F1C9FD05A00D719F7 /* JavaScriptCore.framework */,
				C6749B841B59DF100069DF0D /* AddressBook.framework */,
				8E1BE4311B3BED4800CAF4BA /* libobjc.A.dylib */,
				C6B2FC1D1AD02BB5007B7EF5 /* MediaPlayer.framework */,
				C6B2FC1B1AD02A5B007B7EF5 /* AVFoundation.framework */,
				8EDF0A4D1ABC22F6004D736C /* Foundation.framework */,
				8EDF0A4B1ABC22EC004D736C /* UIKit.framework */,
				8EDF0A441ABC1EB8004D736C /* CoreGraphics.framework */,
				8E1D18B71ABC1E65009ED4FB /* QuartzCore.framework */,
				B00155C2DD0E18595163938C /* libPods-RecordTechnology.a */,
				E144C3CE3612D5EEAA10C61E /* libPods-RecordTechnologyTests.a */,
			);
			name = Frameworks;
			sourceTree = "<group>";
		};
		8E0E6B571ACBBDDD00759F64 /* RecordTechnology WatchKit Extension */ = {
			isa = PBXGroup;
			children = (
				8E0E6B5B1ACBBDDD00759F64 /* InterfaceController.h */,
				8E0E6B5C1ACBBDDD00759F64 /* InterfaceController.m */,
				8E0E6B5E1ACBBDDD00759F64 /* NotificationController.h */,
				8E0E6B5F1ACBBDDD00759F64 /* NotificationController.m */,
				8E0E6B611ACBBDDD00759F64 /* Images.xcassets */,
				8E0E6B581ACBBDDD00759F64 /* Supporting Files */,
			);
			path = "RecordTechnology WatchKit Extension";
			sourceTree = "<group>";
		};
		8E0E6B581ACBBDDD00759F64 /* Supporting Files */ = {
			isa = PBXGroup;
			children = (
				8E0E6B591ACBBDDD00759F64 /* Info.plist */,
				8E0E6B5A1ACBBDDD00759F64 /* PushNotificationPayload.apns */,
			);
			name = "Supporting Files";
			sourceTree = "<group>";
		};
		8E0E6B691ACBBDDD00759F64 /* RecordTechnology WatchKit App */ = {
			isa = PBXGroup;
			children = (
				8E0E6B6C1ACBBDDD00759F64 /* Interface.storyboard */,
				8E0E6B6F1ACBBDDD00759F64 /* Images.xcassets */,
				8E0E6B6A1ACBBDDD00759F64 /* Supporting Files */,
			);
			path = "RecordTechnology WatchKit App";
			sourceTree = "<group>";
		};
		8E0E6B6A1ACBBDDD00759F64 /* Supporting Files */ = {
			isa = PBXGroup;
			children = (
				8E0E6B6B1ACBBDDD00759F64 /* Info.plist */,
			);
			name = "Supporting Files";
			sourceTree = "<group>";
		};
		8E41E2291ABAB2DC0008984F = {
			isa = PBXGroup;
			children = (
				8E41E2341ABAB2DC0008984F /* RecordTechnology */,
				8E41E24E1ABAB2DC0008984F /* RecordTechnologyTests */,
				8E0E6B571ACBBDDD00759F64 /* RecordTechnology WatchKit Extension */,
				8E0E6B691ACBBDDD00759F64 /* RecordTechnology WatchKit App */,
				8E41E2331ABAB2DC0008984F /* Products */,
				383D529F0224A99151B3C236 /* Frameworks */,
				EC80E78A35F814DD30C26249 /* Pods */,
			);
			sourceTree = "<group>";
		};
		8E41E2331ABAB2DC0008984F /* Products */ = {
			isa = PBXGroup;
			children = (
				8E41E2321ABAB2DC0008984F /* RecordTechnology.app */,
				8E41E24B1ABAB2DC0008984F /* RecordTechnologyTests.xctest */,
			);
			name = Products;
			sourceTree = "<group>";
		};
		8E41E2341ABAB2DC0008984F /* RecordTechnology */ = {
			isa = PBXGroup;
			children = (
				C6A3D77A1D9625D400E07F2A /* 201609 */,
				C67480E51D4F1CD4008C2AFF /* 201608 */,
				C61771E21ABC6BF30097991C /* Utilities */,
				8E41E2391ABAB2DC0008984F /* AppDelegate.h */,
				8E41E23A1ABAB2DC0008984F /* AppDelegate.m */,
				8E41E23C1ABAB2DC0008984F /* ViewController.h */,
				8E41E23D1ABAB2DC0008984F /* ViewController.m */,
				8E41E23F1ABAB2DC0008984F /* Main.storyboard */,
				8E41E2441ABAB2DC0008984F /* LaunchScreen.xib */,
				C6C1DD241C34C5FB006F273C /* Images.xcassets */,
				8E41E2351ABAB2DC0008984F /* Supporting Files */,
			);
			path = RecordTechnology;
			sourceTree = "<group>";
		};
		8E41E2351ABAB2DC0008984F /* Supporting Files */ = {
			isa = PBXGroup;
			children = (
				C67480F31D4F2F58008C2AFF /* RecordTechnology-Bridging-Header.h */,
				C68FFB111CA397D100716DBC /* 40.png */,
				C68FFB131CA398E500716DBC /* 58.png */,
				8E8069C61ACC13E400CBDECC /* RecordTechnology.entitlements */,
				8E6175CC1ABBC18E0091B68D /* RecordTechnology-Prefix.pch */,
				8E41E2361ABAB2DC0008984F /* Info.plist */,
				8E41E2371ABAB2DC0008984F /* main.m */,
			);
			name = "Supporting Files";
			sourceTree = "<group>";
		};
		8E41E24E1ABAB2DC0008984F /* RecordTechnologyTests */ = {
			isa = PBXGroup;
			children = (
				8E41E2511ABAB2DC0008984F /* RecordTechnologyTests.m */,
				8E41E24F1ABAB2DC0008984F /* Supporting Files */,
			);
			path = RecordTechnologyTests;
			sourceTree = "<group>";
		};
		8E41E24F1ABAB2DC0008984F /* Supporting Files */ = {
			isa = PBXGroup;
			children = (
				8E41E2501ABAB2DC0008984F /* Info.plist */,
			);
			name = "Supporting Files";
			sourceTree = "<group>";
		};
		8EF6A08E1B315C6A00694EDE /* Macro */ = {
			isa = PBXGroup;
			children = (
				8EF6A08F1B315C7600694EDE /* UtilsMacro.h */,
			);
			path = Macro;
			sourceTree = "<group>";
		};
		C61771E21ABC6BF30097991C /* Utilities */ = {
			isa = PBXGroup;
			children = (
				C6E5A9841BDE0650004CD998 /* Extension */,
				8EF6A08E1B315C6A00694EDE /* Macro */,
				C61771E31ABC6BF30097991C /* WWSideslipViewController */,
			);
			path = Utilities;
			sourceTree = "<group>";
		};
		C61771E31ABC6BF30097991C /* WWSideslipViewController */ = {
			isa = PBXGroup;
			children = (
				C61771E41ABC6BF30097991C /* WWSideslipViewController.h */,
				C61771E51ABC6BF30097991C /* WWSideslipViewController.m */,
			);
			path = WWSideslipViewController;
			sourceTree = "<group>";
		};
		C67480E51D4F1CD4008C2AFF /* 201608 */ = {
			isa = PBXGroup;
			children = (
				C6FA61481D63FBE100C8DDE2 /* LuaView */,
				C67480E61D4F1CD4008C2AFF /* Search */,
			);
			path = 201608;
			sourceTree = "<group>";
		};
		C67480E61D4F1CD4008C2AFF /* Search */ = {
			isa = PBXGroup;
			children = (
				C67480EB1D4F1DB2008C2AFF /* SearchViewController.swift */,
				C67480E91D4F1D16008C2AFF /* Search.storyboard */,
				C67480ED1D4F1F00008C2AFF /* WebviewViewController.swift */,
			);
			path = Search;
			sourceTree = "<group>";
		};
		C6A3D77A1D9625D400E07F2A /* 201609 */ = {
			isa = PBXGroup;
			children = (
				C6A3D77B1D9625D400E07F2A /* PageControl */,
			);
			path = 201609;
			sourceTree = "<group>";
		};
		C6A3D77B1D9625D400E07F2A /* PageControl */ = {
			isa = PBXGroup;
			children = (
				C6A3D77C1D96262100E07F2A /* PageControlViewController.h */,
				C6A3D77D1D96262100E07F2A /* PageControlViewController.m */,
				C6A3D7811D9627E000E07F2A /* CustomPageControl.h */,
				C6A3D7821D9627E000E07F2A /* CustomPageControl.m */,
				C6A3D77F1D96262E00E07F2A /* PageControl.storyboard */,
			);
			path = PageControl;
			sourceTree = "<group>";
		};
		C6E5A9841BDE0650004CD998 /* Extension */ = {
			isa = PBXGroup;
			children = (
				C6E5A9851BDE0650004CD998 /* NSDate+Extension.h */,
				C6E5A9861BDE0650004CD998 /* NSDate+Extension.m */,
				C6E5A9871BDE0650004CD998 /* UIColorExtensions.h */,
				C6E5A9881BDE0650004CD998 /* UIColorExtensions.m */,
				C6E5A9891BDE0650004CD998 /* UIViewExtensions.h */,
				C6E5A98A1BDE0650004CD998 /* UIViewExtensions.m */,
			);
			path = Extension;
			sourceTree = "<group>";
		};
		C6FA61481D63FBE100C8DDE2 /* LuaView */ = {
			isa = PBXGroup;
			children = (
				C6FA61491D63FBF400C8DDE2 /* LuaViewViewController.h */,
				C6FA614A1D63FBF400C8DDE2 /* LuaViewViewController.m */,
				C6FA614C1D63FC0400C8DDE2 /* LuaView.storyboard */,
				C6FA614E1D6422D300C8DDE2 /* HelloWorld.lua */,
			);
			path = LuaView;
			sourceTree = "<group>";
		};
		EC80E78A35F814DD30C26249 /* Pods */ = {
			isa = PBXGroup;
			children = (
				49347DDE61206C32511F06F8 /* Pods-RecordTechnology.debug.xcconfig */,
				F3D6E6F413FA11148A374E5C /* Pods-RecordTechnology.release.xcconfig */,
				B8D862BD766BDF0FF78C6C54 /* Pods-RecordTechnologyTests.debug.xcconfig */,
				EE0D728750DE2DC5A9722D56 /* Pods-RecordTechnologyTests.release.xcconfig */,
			);
			name = Pods;
			sourceTree = "<group>";
		};
/* End PBXGroup section */

/* Begin PBXNativeTarget section */
		8E41E2311ABAB2DC0008984F /* RecordTechnology */ = {
			isa = PBXNativeTarget;
			buildConfigurationList = 8E41E2551ABAB2DC0008984F /* Build configuration list for PBXNativeTarget "RecordTechnology" */;
			buildPhases = (
				99FEE42A4268A4BF1E294230 /* 📦 Check Pods Manifest.lock */,
				8E41E22E1ABAB2DC0008984F /* Sources */,
				8E41E22F1ABAB2DC0008984F /* Frameworks */,
				8E41E2301ABAB2DC0008984F /* Resources */,
				8E0E6B7A1ACBBDDD00759F64 /* Embed App Extensions */,
				DA122EB25AEDBACAAD18C0AE /* 📦 Embed Pods Frameworks */,
				9AFF70B8588F76391AA80CC1 /* 📦 Copy Pods Resources */,
			);
			buildRules = (
			);
			dependencies = (
			);
			name = RecordTechnology;
			productName = RecordTechnology;
			productReference = 8E41E2321ABAB2DC0008984F /* RecordTechnology.app */;
			productType = "com.apple.product-type.application";
		};
		8E41E24A1ABAB2DC0008984F /* RecordTechnologyTests */ = {
			isa = PBXNativeTarget;
			buildConfigurationList = 8E41E2581ABAB2DC0008984F /* Build configuration list for PBXNativeTarget "RecordTechnologyTests" */;
			buildPhases = (
				C4E90AC0DD1AD2D8CEE69AFD /* 📦 Check Pods Manifest.lock */,
				8E41E2471ABAB2DC0008984F /* Sources */,
				8E41E2481ABAB2DC0008984F /* Frameworks */,
				8E41E2491ABAB2DC0008984F /* Resources */,
				1FBF0BFD1964E18D07634F6E /* 📦 Embed Pods Frameworks */,
				A0408F67272A8F249651C289 /* 📦 Copy Pods Resources */,
			);
			buildRules = (
			);
			dependencies = (
				8E41E24D1ABAB2DC0008984F /* PBXTargetDependency */,
			);
			name = RecordTechnologyTests;
			productName = RecordTechnologyTests;
			productReference = 8E41E24B1ABAB2DC0008984F /* RecordTechnologyTests.xctest */;
			productType = "com.apple.product-type.bundle.unit-test";
		};
/* End PBXNativeTarget section */

/* Begin PBXProject section */
		8E41E22A1ABAB2DC0008984F /* Project object */ = {
			isa = PBXProject;
			attributes = {
				LastSwiftUpdateCheck = 0700;
				LastUpgradeCheck = 0800;
				ORGANIZATIONNAME = "InSigma HengTian Softwar Ltd.";
				TargetAttributes = {
					8E41E2311ABAB2DC0008984F = {
						CreatedOnToolsVersion = 6.2;
						LastSwiftMigration = 0800;
						ProvisioningStyle = Manual;
						SystemCapabilities = {
							com.apple.ApplicationGroups.iOS = {
								enabled = 1;
							};
						};
					};
					8E41E24A1ABAB2DC0008984F = {
						CreatedOnToolsVersion = 6.2;
						TestTargetID = 8E41E2311ABAB2DC0008984F;
					};
				};
			};
			buildConfigurationList = 8E41E22D1ABAB2DC0008984F /* Build configuration list for PBXProject "RecordTechnology" */;
			compatibilityVersion = "Xcode 3.2";
			developmentRegion = English;
			hasScannedForEncodings = 0;
			knownRegions = (
				en,
				Base,
			);
			mainGroup = 8E41E2291ABAB2DC0008984F;
			productRefGroup = 8E41E2331ABAB2DC0008984F /* Products */;
			projectDirPath = "";
			projectRoot = "";
			targets = (
				8E41E2311ABAB2DC0008984F /* RecordTechnology */,
				8E41E24A1ABAB2DC0008984F /* RecordTechnologyTests */,
			);
		};
/* End PBXProject section */

/* Begin PBXResourcesBuildPhase section */
		8E41E2301ABAB2DC0008984F /* Resources */ = {
			isa = PBXResourcesBuildPhase;
			buildActionMask = 2147483647;
			files = (
				C68FFB141CA398E500716DBC /* 58.png in Resources */,
				C6A3D7801D96262E00E07F2A /* PageControl.storyboard in Resources */,
				8E41E2411ABAB2DC0008984F /* Main.storyboard in Resources */,
				C6FA614F1D6422D300C8DDE2 /* HelloWorld.lua in Resources */,
				8E41E2461ABAB2DC0008984F /* LaunchScreen.xib in Resources */,
				C6C1DD251C34C5FB006F273C /* Images.xcassets in Resources */,
				C6FA614D1D63FC0400C8DDE2 /* LuaView.storyboard in Resources */,
				C67480EA1D4F1D16008C2AFF /* Search.storyboard in Resources */,
				C68FFB121CA397D100716DBC /* 40.png in Resources */,
			);
			runOnlyForDeploymentPostprocessing = 0;
		};
		8E41E2491ABAB2DC0008984F /* Resources */ = {
			isa = PBXResourcesBuildPhase;
			buildActionMask = 2147483647;
			files = (
			);
			runOnlyForDeploymentPostprocessing = 0;
		};
/* End PBXResourcesBuildPhase section */

/* Begin PBXShellScriptBuildPhase section */
		1FBF0BFD1964E18D07634F6E /* 📦 Embed Pods Frameworks */ = {
			isa = PBXShellScriptBuildPhase;
			buildActionMask = 2147483647;
			files = (
			);
			inputPaths = (
			);
			name = "📦 Embed Pods Frameworks";
			outputPaths = (
			);
			runOnlyForDeploymentPostprocessing = 0;
			shellPath = /bin/sh;
			shellScript = "\"${SRCROOT}/Pods/Target Support Files/Pods-RecordTechnologyTests/Pods-RecordTechnologyTests-frameworks.sh\"\n";
			showEnvVarsInLog = 0;
		};
		99FEE42A4268A4BF1E294230 /* 📦 Check Pods Manifest.lock */ = {
			isa = PBXShellScriptBuildPhase;
			buildActionMask = 2147483647;
			files = (
			);
			inputPaths = (
			);
			name = "📦 Check Pods Manifest.lock";
			outputPaths = (
			);
			runOnlyForDeploymentPostprocessing = 0;
			shellPath = /bin/sh;
			shellScript = "diff \"${PODS_ROOT}/../Podfile.lock\" \"${PODS_ROOT}/Manifest.lock\" > /dev/null\nif [[ $? != 0 ]] ; then\n    cat << EOM\nerror: The sandbox is not in sync with the Podfile.lock. Run 'pod install' or update your CocoaPods installation.\nEOM\n    exit 1\nfi\n";
			showEnvVarsInLog = 0;
		};
		9AFF70B8588F76391AA80CC1 /* 📦 Copy Pods Resources */ = {
			isa = PBXShellScriptBuildPhase;
			buildActionMask = 2147483647;
			files = (
			);
			inputPaths = (
			);
			name = "📦 Copy Pods Resources";
			outputPaths = (
			);
			runOnlyForDeploymentPostprocessing = 0;
			shellPath = /bin/sh;
			shellScript = "\"${SRCROOT}/Pods/Target Support Files/Pods-RecordTechnology/Pods-RecordTechnology-resources.sh\"\n";
			showEnvVarsInLog = 0;
		};
		A0408F67272A8F249651C289 /* 📦 Copy Pods Resources */ = {
			isa = PBXShellScriptBuildPhase;
			buildActionMask = 2147483647;
			files = (
			);
			inputPaths = (
			);
			name = "📦 Copy Pods Resources";
			outputPaths = (
			);
			runOnlyForDeploymentPostprocessing = 0;
			shellPath = /bin/sh;
			shellScript = "\"${SRCROOT}/Pods/Target Support Files/Pods-RecordTechnologyTests/Pods-RecordTechnologyTests-resources.sh\"\n";
			showEnvVarsInLog = 0;
		};
		C4E90AC0DD1AD2D8CEE69AFD /* 📦 Check Pods Manifest.lock */ = {
			isa = PBXShellScriptBuildPhase;
			buildActionMask = 2147483647;
			files = (
			);
			inputPaths = (
			);
			name = "📦 Check Pods Manifest.lock";
			outputPaths = (
			);
			runOnlyForDeploymentPostprocessing = 0;
			shellPath = /bin/sh;
			shellScript = "diff \"${PODS_ROOT}/../Podfile.lock\" \"${PODS_ROOT}/Manifest.lock\" > /dev/null\nif [[ $? != 0 ]] ; then\n    cat << EOM\nerror: The sandbox is not in sync with the Podfile.lock. Run 'pod install' or update your CocoaPods installation.\nEOM\n    exit 1\nfi\n";
			showEnvVarsInLog = 0;
		};
		DA122EB25AEDBACAAD18C0AE /* 📦 Embed Pods Frameworks */ = {
			isa = PBXShellScriptBuildPhase;
			buildActionMask = 2147483647;
			files = (
			);
			inputPaths = (
			);
			name = "📦 Embed Pods Frameworks";
			outputPaths = (
			);
			runOnlyForDeploymentPostprocessing = 0;
			shellPath = /bin/sh;
			shellScript = "\"${SRCROOT}/Pods/Target Support Files/Pods-RecordTechnology/Pods-RecordTechnology-frameworks.sh\"\n";
			showEnvVarsInLog = 0;
		};
/* End PBXShellScriptBuildPhase section */

/* Begin PBXSourcesBuildPhase section */
		8E41E22E1ABAB2DC0008984F /* Sources */ = {
			isa = PBXSourcesBuildPhase;
			buildActionMask = 2147483647;
			files = (
				8E41E23E1ABAB2DC0008984F /* ViewController.m in Sources */,
				C67480EE1D4F1F00008C2AFF /* WebviewViewController.swift in Sources */,
				C6FA614B1D63FBF400C8DDE2 /* LuaViewViewController.m in Sources */,
				C6A3D77E1D96262100E07F2A /* PageControlViewController.m in Sources */,
				C6E5A98D1BDE0650004CD998 /* UIViewExtensions.m in Sources */,
				C67480EC1D4F1DB2008C2AFF /* SearchViewController.swift in Sources */,
				C6E5A98B1BDE0650004CD998 /* NSDate+Extension.m in Sources */,
				C61771E61ABC6BF30097991C /* WWSideslipViewController.m in Sources */,
				C6E5A98C1BDE0650004CD998 /* UIColorExtensions.m in Sources */,
				8E41E23B1ABAB2DC0008984F /* AppDelegate.m in Sources */,
				8E41E2381ABAB2DC0008984F /* main.m in Sources */,
				C6A3D7831D9627E000E07F2A /* CustomPageControl.m in Sources */,
			);
			runOnlyForDeploymentPostprocessing = 0;
		};
		8E41E2471ABAB2DC0008984F /* Sources */ = {
			isa = PBXSourcesBuildPhase;
			buildActionMask = 2147483647;
			files = (
				8E41E2521ABAB2DC0008984F /* RecordTechnologyTests.m in Sources */,
			);
			runOnlyForDeploymentPostprocessing = 0;
		};
/* End PBXSourcesBuildPhase section */

/* Begin PBXTargetDependency section */
		8E41E24D1ABAB2DC0008984F /* PBXTargetDependency */ = {
			isa = PBXTargetDependency;
			target = 8E41E2311ABAB2DC0008984F /* RecordTechnology */;
			targetProxy = 8E41E24C1ABAB2DC0008984F /* PBXContainerItemProxy */;
		};
/* End PBXTargetDependency section */

/* Begin PBXVariantGroup section */
		8E0E6B6C1ACBBDDD00759F64 /* Interface.storyboard */ = {
			isa = PBXVariantGroup;
			children = (
				8E0E6B6D1ACBBDDD00759F64 /* Base */,
			);
			name = Interface.storyboard;
			sourceTree = "<group>";
		};
		8E41E23F1ABAB2DC0008984F /* Main.storyboard */ = {
			isa = PBXVariantGroup;
			children = (
				8E41E2401ABAB2DC0008984F /* Base */,
			);
			name = Main.storyboard;
			sourceTree = "<group>";
		};
		8E41E2441ABAB2DC0008984F /* LaunchScreen.xib */ = {
			isa = PBXVariantGroup;
			children = (
				8E41E2451ABAB2DC0008984F /* Base */,
			);
			name = LaunchScreen.xib;
			sourceTree = "<group>";
		};
/* End PBXVariantGroup section */

/* Begin XCBuildConfiguration section */
		8E41E2531ABAB2DC0008984F /* Debug */ = {
			isa = XCBuildConfiguration;
			buildSettings = {
				ALWAYS_SEARCH_USER_PATHS = NO;
				CLANG_CXX_LANGUAGE_STANDARD = "gnu++0x";
				CLANG_CXX_LIBRARY = "libc++";
				CLANG_ENABLE_MODULES = YES;
				CLANG_ENABLE_OBJC_ARC = YES;
				CLANG_WARN_BOOL_CONVERSION = YES;
				CLANG_WARN_CONSTANT_CONVERSION = YES;
				CLANG_WARN_DIRECT_OBJC_ISA_USAGE = YES_ERROR;
				CLANG_WARN_EMPTY_BODY = YES;
				CLANG_WARN_ENUM_CONVERSION = YES;
				CLANG_WARN_INFINITE_RECURSION = YES;
				CLANG_WARN_INT_CONVERSION = YES;
				CLANG_WARN_OBJC_ROOT_CLASS = YES_ERROR;
				CLANG_WARN_SUSPICIOUS_MOVE = YES;
				CLANG_WARN_UNREACHABLE_CODE = YES;
				CLANG_WARN__DUPLICATE_METHOD_MATCH = YES;
				"CODE_SIGN_IDENTITY[sdk=iphoneos*]" = "iPhone Developer";
				COPY_PHASE_STRIP = NO;
				ENABLE_STRICT_OBJC_MSGSEND = YES;
				ENABLE_TESTABILITY = YES;
				GCC_C_LANGUAGE_STANDARD = gnu99;
				GCC_DYNAMIC_NO_PIC = NO;
				GCC_NO_COMMON_BLOCKS = YES;
				GCC_OPTIMIZATION_LEVEL = 0;
				GCC_PREPROCESSOR_DEFINITIONS = (
					"DEBUG=1",
					"$(inherited)",
				);
				GCC_SYMBOLS_PRIVATE_EXTERN = NO;
				GCC_WARN_64_TO_32_BIT_CONVERSION = YES;
				GCC_WARN_ABOUT_RETURN_TYPE = YES_ERROR;
				GCC_WARN_UNDECLARED_SELECTOR = YES;
				GCC_WARN_UNINITIALIZED_AUTOS = YES_AGGRESSIVE;
				GCC_WARN_UNUSED_FUNCTION = YES;
				GCC_WARN_UNUSED_VARIABLE = YES;
				IPHONEOS_DEPLOYMENT_TARGET = 9.0;
				MTL_ENABLE_DEBUG_INFO = YES;
				ONLY_ACTIVE_ARCH = YES;
				PROVISIONING_PROFILE = "";
				SDKROOT = iphoneos;
				TARGETED_DEVICE_FAMILY = "1,2";
			};
			name = Debug;
		};
		8E41E2541ABAB2DC0008984F /* Release */ = {
			isa = XCBuildConfiguration;
			buildSettings = {
				ALWAYS_SEARCH_USER_PATHS = NO;
				CLANG_CXX_LANGUAGE_STANDARD = "gnu++0x";
				CLANG_CXX_LIBRARY = "libc++";
				CLANG_ENABLE_MODULES = YES;
				CLANG_ENABLE_OBJC_ARC = YES;
				CLANG_WARN_BOOL_CONVERSION = YES;
				CLANG_WARN_CONSTANT_CONVERSION = YES;
				CLANG_WARN_DIRECT_OBJC_ISA_USAGE = YES_ERROR;
				CLANG_WARN_EMPTY_BODY = YES;
				CLANG_WARN_ENUM_CONVERSION = YES;
				CLANG_WARN_INFINITE_RECURSION = YES;
				CLANG_WARN_INT_CONVERSION = YES;
				CLANG_WARN_OBJC_ROOT_CLASS = YES_ERROR;
				CLANG_WARN_SUSPICIOUS_MOVE = YES;
				CLANG_WARN_UNREACHABLE_CODE = YES;
				CLANG_WARN__DUPLICATE_METHOD_MATCH = YES;
				"CODE_SIGN_IDENTITY[sdk=iphoneos*]" = "iPhone Developer";
				COPY_PHASE_STRIP = NO;
				ENABLE_NS_ASSERTIONS = NO;
				ENABLE_STRICT_OBJC_MSGSEND = YES;
				GCC_C_LANGUAGE_STANDARD = gnu99;
				GCC_NO_COMMON_BLOCKS = YES;
				GCC_WARN_64_TO_32_BIT_CONVERSION = YES;
				GCC_WARN_ABOUT_RETURN_TYPE = YES_ERROR;
				GCC_WARN_UNDECLARED_SELECTOR = YES;
				GCC_WARN_UNINITIALIZED_AUTOS = YES_AGGRESSIVE;
				GCC_WARN_UNUSED_FUNCTION = YES;
				GCC_WARN_UNUSED_VARIABLE = YES;
				IPHONEOS_DEPLOYMENT_TARGET = 9.0;
				MTL_ENABLE_DEBUG_INFO = NO;
				PROVISIONING_PROFILE = "";
				SDKROOT = iphoneos;
				SWIFT_OPTIMIZATION_LEVEL = "-Owholemodule";
				TARGETED_DEVICE_FAMILY = "1,2";
				VALIDATE_PRODUCT = YES;
			};
			name = Release;
		};
		8E41E2561ABAB2DC0008984F /* Debug */ = {
			isa = XCBuildConfiguration;
			baseConfigurationReference = 49347DDE61206C32511F06F8 /* Pods-RecordTechnology.debug.xcconfig */;
			buildSettings = {
				ASSETCATALOG_COMPILER_APPICON_NAME = AppIcon;
				ASSETCATALOG_COMPILER_LAUNCHIMAGE_NAME = LaunchImage;
				CLANG_ENABLE_MODULES = YES;
				CODE_SIGN_ENTITLEMENTS = "";
				CODE_SIGN_IDENTITY = "iPhone Developer";
				"CODE_SIGN_IDENTITY[sdk=iphoneos*]" = "iPhone Developer";
				DEVELOPMENT_TEAM = "";
				GCC_INCREASE_PRECOMPILED_HEADER_SHARING = YES;
				GCC_PREFIX_HEADER = "RecordTechnology/RecordTechnology-Prefix.pch";
				INFOPLIST_FILE = RecordTechnology/Info.plist;
				IPHONEOS_DEPLOYMENT_TARGET = 8.0;
				LD_RUNPATH_SEARCH_PATHS = "$(inherited) @executable_path/Frameworks";
				PRODUCT_BUNDLE_IDENTIFIER = com.arthurWang.TestCoreData;
				PRODUCT_NAME = "$(TARGET_NAME)";
				PROVISIONING_PROFILE = "";
				SWIFT_OBJC_BRIDGING_HEADER = "RecordTechnology/RecordTechnology-Bridging-Header.h";
				SWIFT_OPTIMIZATION_LEVEL = "-Onone";
				SWIFT_VERSION = 3.0;
				TARGETED_DEVICE_FAMILY = "1,2";
			};
			name = Debug;
		};
		8E41E2571ABAB2DC0008984F /* Release */ = {
			isa = XCBuildConfiguration;
			baseConfigurationReference = F3D6E6F413FA11148A374E5C /* Pods-RecordTechnology.release.xcconfig */;
			buildSettings = {
				ASSETCATALOG_COMPILER_APPICON_NAME = AppIcon;
				ASSETCATALOG_COMPILER_LAUNCHIMAGE_NAME = LaunchImage;
				CLANG_ENABLE_MODULES = YES;
				CODE_SIGN_ENTITLEMENTS = "";
				CODE_SIGN_IDENTITY = "iPhone Developer";
				"CODE_SIGN_IDENTITY[sdk=iphoneos*]" = "iPhone Developer";
				DEVELOPMENT_TEAM = "";
				GCC_INCREASE_PRECOMPILED_HEADER_SHARING = YES;
				GCC_PREFIX_HEADER = "RecordTechnology/RecordTechnology-Prefix.pch";
				INFOPLIST_FILE = RecordTechnology/Info.plist;
				IPHONEOS_DEPLOYMENT_TARGET = 8.0;
				LD_RUNPATH_SEARCH_PATHS = "$(inherited) @executable_path/Frameworks";
				PRODUCT_BUNDLE_IDENTIFIER = com.arthurWang.TestCoreData;
				PRODUCT_NAME = "$(TARGET_NAME)";
				PROVISIONING_PROFILE = "";
				SWIFT_OBJC_BRIDGING_HEADER = "RecordTechnology/RecordTechnology-Bridging-Header.h";
				SWIFT_VERSION = 3.0;
				TARGETED_DEVICE_FAMILY = "1,2";
			};
			name = Release;
		};
		8E41E2591ABAB2DC0008984F /* Debug */ = {
			isa = XCBuildConfiguration;
			baseConfigurationReference = B8D862BD766BDF0FF78C6C54 /* Pods-RecordTechnologyTests.debug.xcconfig */;
			buildSettings = {
				BUNDLE_LOADER = "$(TEST_HOST)";
				FRAMEWORK_SEARCH_PATHS = (
					"$(SDKROOT)/Developer/Library/Frameworks",
					"$(inherited)",
				);
				GCC_PREPROCESSOR_DEFINITIONS = (
					"DEBUG=1",
					"$(inherited)",
				);
				INFOPLIST_FILE = RecordTechnologyTests/Info.plist;
				LD_RUNPATH_SEARCH_PATHS = "$(inherited) @executable_path/Frameworks @loader_path/Frameworks";
				PRODUCT_BUNDLE_IDENTIFIER = "com.hengtiansoft.$(PRODUCT_NAME:rfc1034identifier)";
				PRODUCT_NAME = "$(TARGET_NAME)";
				TEST_HOST = "$(BUILT_PRODUCTS_DIR)/RecordTechnology.app/RecordTechnology";
			};
			name = Debug;
		};
		8E41E25A1ABAB2DC0008984F /* Release */ = {
			isa = XCBuildConfiguration;
			baseConfigurationReference = EE0D728750DE2DC5A9722D56 /* Pods-RecordTechnologyTests.release.xcconfig */;
			buildSettings = {
				BUNDLE_LOADER = "$(TEST_HOST)";
				FRAMEWORK_SEARCH_PATHS = (
					"$(SDKROOT)/Developer/Library/Frameworks",
					"$(inherited)",
				);
				INFOPLIST_FILE = RecordTechnologyTests/Info.plist;
				LD_RUNPATH_SEARCH_PATHS = "$(inherited) @executable_path/Frameworks @loader_path/Frameworks";
				PRODUCT_BUNDLE_IDENTIFIER = "com.hengtiansoft.$(PRODUCT_NAME:rfc1034identifier)";
				PRODUCT_NAME = "$(TARGET_NAME)";
				TEST_HOST = "$(BUILT_PRODUCTS_DIR)/RecordTechnology.app/RecordTechnology";
			};
			name = Release;
		};
/* End XCBuildConfiguration section */

/* Begin XCConfigurationList section */
		8E41E22D1ABAB2DC0008984F /* Build configuration list for PBXProject "RecordTechnology" */ = {
			isa = XCConfigurationList;
			buildConfigurations = (
				8E41E2531ABAB2DC0008984F /* Debug */,
				8E41E2541ABAB2DC0008984F /* Release */,
			);
			defaultConfigurationIsVisible = 0;
			defaultConfigurationName = Release;
		};
		8E41E2551ABAB2DC0008984F /* Build configuration list for PBXNativeTarget "RecordTechnology" */ = {
			isa = XCConfigurationList;
			buildConfigurations = (
				8E41E2561ABAB2DC0008984F /* Debug */,
				8E41E2571ABAB2DC0008984F /* Release */,
			);
			defaultConfigurationIsVisible = 0;
			defaultConfigurationName = Release;
		};
		8E41E2581ABAB2DC0008984F /* Build configuration list for PBXNativeTarget "RecordTechnologyTests" */ = {
			isa = XCConfigurationList;
			buildConfigurations = (
				8E41E2591ABAB2DC0008984F /* Debug */,
				8E41E25A1ABAB2DC0008984F /* Release */,
			);
			defaultConfigurationIsVisible = 0;
			defaultConfigurationName = Release;
		};
/* End XCConfigurationList section */
	};
	rootObject = 8E41E22A1ABAB2DC0008984F /* Project object */;
}
